{
    "_meta": {
        "hash": {
            "sha256": "9c33741e0fdd41334606977741d24fc96fde2fdaddf03124016543c329a6325d"
        },
        "pipfile-spec": 6,
        "requires": {
            "python_version": "3.11"
        },
        "sources": [
            {
                "name": "pypi",
                "url": "https://pypi.org/simple",
                "verify_ssl": true
            }
        ]
    },
    "default": {
        "nbimporter": {
            "hashes": [
                "sha256:14a4c37fd4a3e18ad5fba726d54f2e46b483dfe31c1f036682bb9ef259ab67a3",
                "sha256:bc9bc803e7ba44ae9f7c6ec60cae2f4d1d509508feedd8c9e03a7949333bf16e"
            ],
            "index": "pypi",
            "version": "==0.3.4"
        }
    },
    "develop": {}
}
